dependencies:
  esp-idf-lib/color:
    component_hash: c019d319d3e55d167a4f57c269dca66ee0525b005a15d4470468cc3e14ad6b67
    dependencies:
    - name: esp-idf-lib/lib8tion
      registry_url: https://components.espressif.com
      require: private
      version: '*'
    source:
      registry_url: https://components.espressif.com/
      type: service
    targets:
    - esp32
    - esp32c3
    - esp32c5
    - esp32c6
    - esp32h2
    - esp32p4
    - esp32s2
    - esp32s3
    version: 1.0.7
  esp-idf-lib/lib8tion:
    component_hash: d9d932459e94c0fdaeedc6384beea87adf47e5ea6c166939f721a175744f5cee
    dependencies: []
    source:
      registry_url: https://components.espressif.com
      type: service
    targets:
    - esp32
    - esp32c2
    - esp32c3
    - esp32c5
    - esp32c6
    - esp32c61
    - esp32h2
    - esp32p4
    - esp32s2
    - esp32s3
    version: 1.0.8
  espressif/led_strip:
    component_hash: 223998f10cae6d81f2ad2dd3c1103c2221be298c708e37917482b0153f3ec64e
    dependencies:
    - name: idf
      require: private
      version: '>=5.0'
    source:
      registry_url: https://components.espressif.com/
      type: service
    version: 3.0.1~1
  idf:
    source:
      type: idf
    version: 6.0.0
direct_dependencies:
- esp-idf-lib/color
- espressif/led_strip
- idf
manifest_hash: 6fa423317ea2bf56183a7ebaa4e003f82e1b44d3010270c6939d84877a879248
target: esp32c6
version: 2.0.0
